<?xml version="1.0" encoding="utf-8"?>
<Project ToolsVersion="4.0" xmlns="http://schemas.microsoft.com/developer/msbuild/2003">
  <ItemGroup>
    <Filter Include="Source Files">
      <UniqueIdentifier>{4FC737F1-C7A5-4376-A066-2A32D752A2FF}</UniqueIdentifier>
      <Extensions>cpp;c;cc;cxx;def;odl;idl;hpj;bat;asm;asmx</Extensions>
    </Filter>
    <Filter Include="Header Files">
      <UniqueIdentifier>{93995380-89BD-4b04-88EB-625FBE52EBFB}</UniqueIdentifier>
      <Extensions>h;hh;hpp;hxx;hm;inl;inc;xsd</Extensions>
    </Filter>
    <Filter Include="Resource Files">
      <UniqueIdentifier>{67DA6AB6-F800-4c08-8B7A-83BB121AAD01}</UniqueIdentifier>
      <Extensions>rc;ico;cur;bmp;dlg;rc2;rct;bin;rgs;gif;jpg;jpeg;jpe;resx;tiff;tif;png;wav;mfcribbon-ms</Extensions>
    </Filter>
    <Filter Include="_core">
      <UniqueIdentifier>{32036318-e6b2-487f-9e7b-3cd8d54fe2b3}</UniqueIdentifier>
    </Filter>
    <Filter Include="_libraries">
      <UniqueIdentifier>{e06f4b26-2394-4b09-9f02-3456dd6a8e19}</UniqueIdentifier>
    </Filter>
    <Filter Include="_libraries\DallasTemperature">
      <UniqueIdentifier>{4d8ba6cc-015c-4736-8a5b-20647d9ee62b}</UniqueIdentifier>
    </Filter>
    <Filter Include="_libraries\DS1307RTC-master">
      <UniqueIdentifier>{184b201f-d12a-4952-a5e0-3bdd209826f6}</UniqueIdentifier>
    </Filter>
    <Filter Include="_libraries\OneWire">
      <UniqueIdentifier>{67d65e27-63a5-4c4f-9e12-76405b8f4947}</UniqueIdentifier>
    </Filter>
    <Filter Include="_libraries\SD">
      <UniqueIdentifier>{426d533b-77c5-4658-ab6a-f49d1762a582}</UniqueIdentifier>
    </Filter>
    <Filter Include="_libraries\SD\src">
      <UniqueIdentifier>{d66d4117-1865-433f-8a34-d04fcb176cce}</UniqueIdentifier>
    </Filter>
    <Filter Include="_libraries\SD\src\utility">
      <UniqueIdentifier>{12ad97dc-b4f4-4c1c-ba5b-99057bde706d}</UniqueIdentifier>
    </Filter>
    <Filter Include="_libraries\SPI">
      <UniqueIdentifier>{3c95b0f1-f28a-453a-a49b-6e32466ca44a}</UniqueIdentifier>
    </Filter>
    <Filter Include="_libraries\SPI\src">
      <UniqueIdentifier>{90b27fcc-36b9-4697-b191-880c36b5b37d}</UniqueIdentifier>
    </Filter>
    <Filter Include="_libraries\TimeAlarms-master">
      <UniqueIdentifier>{b0c34263-9029-4dde-ab8b-6aef42a9e3f6}</UniqueIdentifier>
    </Filter>
    <Filter Include="_libraries\Time-master">
      <UniqueIdentifier>{9fc9b796-288e-4157-90fd-a22969b60bc0}</UniqueIdentifier>
    </Filter>
    <Filter Include="_libraries\Wire">
      <UniqueIdentifier>{048aabc5-8859-4029-8ae2-d41828776f03}</UniqueIdentifier>
    </Filter>
    <Filter Include="_libraries\Wire\src">
      <UniqueIdentifier>{f2ec00c9-c3f9-4543-a804-5dcfcab4085c}</UniqueIdentifier>
    </Filter>
    <Filter Include="_libraries\Wire\src\utility">
      <UniqueIdentifier>{7ec717ad-314f-4d5e-a0d2-5d0d5eae220c}</UniqueIdentifier>
    </Filter>
    <Filter Include="_libraries\HID">
      <UniqueIdentifier>{b9e8745e-d011-4023-af4b-08a1b1c4fd15}</UniqueIdentifier>
    </Filter>
    <Filter Include="_libraries\HID\src">
      <UniqueIdentifier>{8553ff58-3e98-4450-9554-264b7788b83c}</UniqueIdentifier>
    </Filter>
    <Filter Include="_libraries\LiquidCrystal">
      <UniqueIdentifier>{04b9d869-281c-4bf3-99bc-1340655cb780}</UniqueIdentifier>
    </Filter>
    <Filter Include="_libraries\LiquidCrystal\src">
      <UniqueIdentifier>{b18df2c8-60ba-49d0-9007-ce152f949e5f}</UniqueIdentifier>
    </Filter>
  </ItemGroup>
  <ItemGroup>
    <None Include="Controller.ino" />
    <None Include="Menu_System.ino" />
    <None Include="Alarms.ino" />
    <None Include="C:\Users\Robbie\AppData\Local\arduino15\packages\arduino\hardware\avr\1.6.10\cores\arduino\wiring_pulse.S">
      <Filter>_core</Filter>
    </None>
  </ItemGroup>
  <ItemGroup>
    <ClInclude Include="Visual Micro\.Controller.vsarduino.h">
      <Filter>Header Files</Filter>
    </ClInclude>
    <ClInclude Include="Alarms.h">
      <Filter>Header Files</Filter>
    </ClInclude>
    <ClInclude Include="__vm\.Controller.vsarduino.h">
      <Filter>Header Files</Filter>
    </ClInclude>
    <ClInclude Include="C:\Users\Robbie\AppData\Local\arduino15\packages\arduino\hardware\avr\1.6.10\cores\arduino\Arduino.h">
      <Filter>_core</Filter>
    </ClInclude>
    <ClInclude Include="C:\Users\Robbie\AppData\Local\arduino15\packages\arduino\hardware\avr\1.6.10\cores\arduino\binary.h">
      <Filter>_core</Filter>
    </ClInclude>
    <ClInclude Include="C:\Users\Robbie\AppData\Local\arduino15\packages\arduino\hardware\avr\1.6.10\cores\arduino\Client.h">
      <Filter>_core</Filter>
    </ClInclude>
    <ClInclude Include="C:\Users\Robbie\AppData\Local\arduino15\packages\arduino\hardware\avr\1.6.10\cores\arduino\HardwareSerial.h">
      <Filter>_core</Filter>
    </ClInclude>
    <ClInclude Include="C:\Users\Robbie\AppData\Local\arduino15\packages\arduino\hardware\avr\1.6.10\cores\arduino\HardwareSerial_private.h">
      <Filter>_core</Filter>
    </ClInclude>
    <ClInclude Include="C:\Users\Robbie\AppData\Local\arduino15\packages\arduino\hardware\avr\1.6.10\cores\arduino\IPAddress.h">
      <Filter>_core</Filter>
    </ClInclude>
    <ClInclude Include="C:\Users\Robbie\AppData\Local\arduino15\packages\arduino\hardware\avr\1.6.10\cores\arduino\new.h">
      <Filter>_core</Filter>
    </ClInclude>
    <ClInclude Include="C:\Users\Robbie\AppData\Local\arduino15\packages\arduino\hardware\avr\1.6.10\cores\arduino\PluggableUSB.h">
      <Filter>_core</Filter>
    </ClInclude>
    <ClInclude Include="C:\Users\Robbie\AppData\Local\arduino15\packages\arduino\hardware\avr\1.6.10\cores\arduino\Print.h">
      <Filter>_core</Filter>
    </ClInclude>
    <ClInclude Include="C:\Users\Robbie\AppData\Local\arduino15\packages\arduino\hardware\avr\1.6.10\cores\arduino\Printable.h">
      <Filter>_core</Filter>
    </ClInclude>
    <ClInclude Include="C:\Users\Robbie\AppData\Local\arduino15\packages\arduino\hardware\avr\1.6.10\cores\arduino\Server.h">
      <Filter>_core</Filter>
    </ClInclude>
    <ClInclude Include="C:\Users\Robbie\AppData\Local\arduino15\packages\arduino\hardware\avr\1.6.10\cores\arduino\Stream.h">
      <Filter>_core</Filter>
    </ClInclude>
    <ClInclude Include="C:\Users\Robbie\AppData\Local\arduino15\packages\arduino\hardware\avr\1.6.10\cores\arduino\Udp.h">
      <Filter>_core</Filter>
    </ClInclude>
    <ClInclude Include="C:\Users\Robbie\AppData\Local\arduino15\packages\arduino\hardware\avr\1.6.10\cores\arduino\USBAPI.h">
      <Filter>_core</Filter>
    </ClInclude>
    <ClInclude Include="C:\Users\Robbie\AppData\Local\arduino15\packages\arduino\hardware\avr\1.6.10\cores\arduino\USBCore.h">
      <Filter>_core</Filter>
    </ClInclude>
    <ClInclude Include="C:\Users\Robbie\AppData\Local\arduino15\packages\arduino\hardware\avr\1.6.10\cores\arduino\USBDesc.h">
      <Filter>_core</Filter>
    </ClInclude>
    <ClInclude Include="C:\Users\Robbie\AppData\Local\arduino15\packages\arduino\hardware\avr\1.6.10\cores\arduino\WCharacter.h">
      <Filter>_core</Filter>
    </ClInclude>
    <ClInclude Include="C:\Users\Robbie\AppData\Local\arduino15\packages\arduino\hardware\avr\1.6.10\cores\arduino\wiring_private.h">
      <Filter>_core</Filter>
    </ClInclude>
    <ClInclude Include="C:\Users\Robbie\AppData\Local\arduino15\packages\arduino\hardware\avr\1.6.10\cores\arduino\WString.h">
      <Filter>_core</Filter>
    </ClInclude>
    <ClInclude Include="C:\Users\Robbie\AppData\Local\arduino15\packages\arduino\hardware\avr\1.6.10\variants\mega\pins_arduino.h">
      <Filter>_core</Filter>
    </ClInclude>
    <ClInclude Include="..\..\Arduino\libraries\DallasTemperature\DallasTemperature.h">
      <Filter>_libraries\DallasTemperature</Filter>
    </ClInclude>
    <ClInclude Include="..\..\Arduino\libraries\DS1307RTC-master\DS1307RTC.h">
      <Filter>_libraries\DS1307RTC-master</Filter>
    </ClInclude>
    <ClInclude Include="..\..\Arduino\libraries\OneWire\OneWire.h">
      <Filter>_libraries\OneWire</Filter>
    </ClInclude>
    <ClInclude Include="C:\Program Files (x86)\Arduino\libraries\SD\src\SD.h">
      <Filter>_libraries\SD\src</Filter>
    </ClInclude>
    <ClInclude Include="C:\Program Files (x86)\Arduino\libraries\SD\src\utility\FatStructs.h">
      <Filter>_libraries\SD\src\utility</Filter>
    </ClInclude>
    <ClInclude Include="C:\Program Files (x86)\Arduino\libraries\SD\src\utility\Sd2Card.h">
      <Filter>_libraries\SD\src\utility</Filter>
    </ClInclude>
    <ClInclude Include="C:\Program Files (x86)\Arduino\libraries\SD\src\utility\Sd2PinMap.h">
      <Filter>_libraries\SD\src\utility</Filter>
    </ClInclude>
    <ClInclude Include="C:\Program Files (x86)\Arduino\libraries\SD\src\utility\SdFat.h">
      <Filter>_libraries\SD\src\utility</Filter>
    </ClInclude>
    <ClInclude Include="C:\Program Files (x86)\Arduino\libraries\SD\src\utility\SdFatmainpage.h">
      <Filter>_libraries\SD\src\utility</Filter>
    </ClInclude>
    <ClInclude Include="C:\Program Files (x86)\Arduino\libraries\SD\src\utility\SdFatUtil.h">
      <Filter>_libraries\SD\src\utility</Filter>
    </ClInclude>
    <ClInclude Include="C:\Program Files (x86)\Arduino\libraries\SD\src\utility\SdInfo.h">
      <Filter>_libraries\SD\src\utility</Filter>
    </ClInclude>
    <ClInclude Include="C:\Users\Robbie\AppData\Local\arduino15\packages\arduino\hardware\avr\1.6.10\libraries\SPI\src\SPI.h">
      <Filter>_libraries\SPI\src</Filter>
    </ClInclude>
    <ClInclude Include="..\..\Arduino\libraries\TimeAlarms-master\TimeAlarms.h">
      <Filter>_libraries\TimeAlarms-master</Filter>
    </ClInclude>
    <ClInclude Include="..\..\Arduino\libraries\Time-master\Time.h">
      <Filter>_libraries\Time-master</Filter>
    </ClInclude>
    <ClInclude Include="..\..\Arduino\libraries\Time-master\TimeLib.h">
      <Filter>_libraries\Time-master</Filter>
    </ClInclude>
    <ClInclude Include="C:\Users\Robbie\AppData\Local\arduino15\packages\arduino\hardware\avr\1.6.10\libraries\Wire\src\Wire.h">
      <Filter>_libraries\Wire\src</Filter>
    </ClInclude>
    <ClInclude Include="C:\Users\Robbie\AppData\Local\arduino15\packages\arduino\hardware\avr\1.6.10\libraries\Wire\src\utility\twi.h">
      <Filter>_libraries\Wire\src\utility</Filter>
    </ClInclude>
    <ClInclude Include="C:\Users\Robbie\AppData\Local\arduino15\packages\arduino\hardware\avr\1.6.10\libraries\HID\src\HID.h">
      <Filter>_libraries\HID\src</Filter>
    </ClInclude>
    <ClInclude Include="..\..\Arduino\libraries\LiquidCrystal\src\LiquidCrystal.h">
      <Filter>_libraries\LiquidCrystal\src</Filter>
    </ClInclude>
  </ItemGroup>
  <ItemGroup>
    <ClCompile Include="C:\Users\Robbie\AppData\Local\arduino15\packages\arduino\hardware\avr\1.6.10\cores\arduino\abi.cpp">
      <Filter>_core</Filter>
    </ClCompile>
    <ClCompile Include="C:\Users\Robbie\AppData\Local\arduino15\packages\arduino\hardware\avr\1.6.10\cores\arduino\CDC.cpp">
      <Filter>_core</Filter>
    </ClCompile>
    <ClCompile Include="C:\Users\Robbie\AppData\Local\arduino15\packages\arduino\hardware\avr\1.6.10\cores\arduino\HardwareSerial.cpp">
      <Filter>_core</Filter>
    </ClCompile>
    <ClCompile Include="C:\Users\Robbie\AppData\Local\arduino15\packages\arduino\hardware\avr\1.6.10\cores\arduino\HardwareSerial0.cpp">
      <Filter>_core</Filter>
    </ClCompile>
    <ClCompile Include="C:\Users\Robbie\AppData\Local\arduino15\packages\arduino\hardware\avr\1.6.10\cores\arduino\HardwareSerial1.cpp">
      <Filter>_core</Filter>
    </ClCompile>
    <ClCompile Include="C:\Users\Robbie\AppData\Local\arduino15\packages\arduino\hardware\avr\1.6.10\cores\arduino\HardwareSerial2.cpp">
      <Filter>_core</Filter>
    </ClCompile>
    <ClCompile Include="C:\Users\Robbie\AppData\Local\arduino15\packages\arduino\hardware\avr\1.6.10\cores\arduino\HardwareSerial3.cpp">
      <Filter>_core</Filter>
    </ClCompile>
    <ClCompile Include="C:\Users\Robbie\AppData\Local\arduino15\packages\arduino\hardware\avr\1.6.10\cores\arduino\hooks.c">
      <Filter>_core</Filter>
    </ClCompile>
    <ClCompile Include="C:\Users\Robbie\AppData\Local\arduino15\packages\arduino\hardware\avr\1.6.10\cores\arduino\IPAddress.cpp">
      <Filter>_core</Filter>
    </ClCompile>
    <ClCompile Include="C:\Users\Robbie\AppData\Local\arduino15\packages\arduino\hardware\avr\1.6.10\cores\arduino\main.cpp">
      <Filter>_core</Filter>
    </ClCompile>
    <ClCompile Include="C:\Users\Robbie\AppData\Local\arduino15\packages\arduino\hardware\avr\1.6.10\cores\arduino\new.cpp">
      <Filter>_core</Filter>
    </ClCompile>
    <ClCompile Include="C:\Users\Robbie\AppData\Local\arduino15\packages\arduino\hardware\avr\1.6.10\cores\arduino\PluggableUSB.cpp">
      <Filter>_core</Filter>
    </ClCompile>
    <ClCompile Include="C:\Users\Robbie\AppData\Local\arduino15\packages\arduino\hardware\avr\1.6.10\cores\arduino\Print.cpp">
      <Filter>_core</Filter>
    </ClCompile>
    <ClCompile Include="C:\Users\Robbie\AppData\Local\arduino15\packages\arduino\hardware\avr\1.6.10\cores\arduino\Stream.cpp">
      <Filter>_core</Filter>
    </ClCompile>
    <ClCompile Include="C:\Users\Robbie\AppData\Local\arduino15\packages\arduino\hardware\avr\1.6.10\cores\arduino\Tone.cpp">
      <Filter>_core</Filter>
    </ClCompile>
    <ClCompile Include="C:\Users\Robbie\AppData\Local\arduino15\packages\arduino\hardware\avr\1.6.10\cores\arduino\USBCore.cpp">
      <Filter>_core</Filter>
    </ClCompile>
    <ClCompile Include="C:\Users\Robbie\AppData\Local\arduino15\packages\arduino\hardware\avr\1.6.10\cores\arduino\WInterrupts.c">
      <Filter>_core</Filter>
    </ClCompile>
    <ClCompile Include="C:\Users\Robbie\AppData\Local\arduino15\packages\arduino\hardware\avr\1.6.10\cores\arduino\wiring.c">
      <Filter>_core</Filter>
    </ClCompile>
    <ClCompile Include="C:\Users\Robbie\AppData\Local\arduino15\packages\arduino\hardware\avr\1.6.10\cores\arduino\wiring_analog.c">
      <Filter>_core</Filter>
    </ClCompile>
    <ClCompile Include="C:\Users\Robbie\AppData\Local\arduino15\packages\arduino\hardware\avr\1.6.10\cores\arduino\wiring_digital.c">
      <Filter>_core</Filter>
    </ClCompile>
    <ClCompile Include="C:\Users\Robbie\AppData\Local\arduino15\packages\arduino\hardware\avr\1.6.10\cores\arduino\wiring_pulse.c">
      <Filter>_core</Filter>
    </ClCompile>
    <ClCompile Include="C:\Users\Robbie\AppData\Local\arduino15\packages\arduino\hardware\avr\1.6.10\cores\arduino\wiring_shift.c">
      <Filter>_core</Filter>
    </ClCompile>
    <ClCompile Include="C:\Users\Robbie\AppData\Local\arduino15\packages\arduino\hardware\avr\1.6.10\cores\arduino\WMath.cpp">
      <Filter>_core</Filter>
    </ClCompile>
    <ClCompile Include="C:\Users\Robbie\AppData\Local\arduino15\packages\arduino\hardware\avr\1.6.10\cores\arduino\WString.cpp">
      <Filter>_core</Filter>
    </ClCompile>
    <ClCompile Include="..\..\Arduino\libraries\DallasTemperature\DallasTemperature.cpp">
      <Filter>_libraries\DallasTemperature</Filter>
    </ClCompile>
    <ClCompile Include="..\..\Arduino\libraries\DS1307RTC-master\DS1307RTC.cpp">
      <Filter>_libraries\DS1307RTC-master</Filter>
    </ClCompile>
    <ClCompile Include="..\..\Arduino\libraries\OneWire\OneWire.cpp">
      <Filter>_libraries\OneWire</Filter>
    </ClCompile>
    <ClCompile Include="C:\Program Files (x86)\Arduino\libraries\SD\src\File.cpp">
      <Filter>_libraries\SD\src</Filter>
    </ClCompile>
    <ClCompile Include="C:\Program Files (x86)\Arduino\libraries\SD\src\SD.cpp">
      <Filter>_libraries\SD\src</Filter>
    </ClCompile>
    <ClCompile Include="C:\Program Files (x86)\Arduino\libraries\SD\src\utility\Sd2Card.cpp">
      <Filter>_libraries\SD\src\utility</Filter>
    </ClCompile>
    <ClCompile Include="C:\Program Files (x86)\Arduino\libraries\SD\src\utility\SdFile.cpp">
      <Filter>_libraries\SD\src\utility</Filter>
    </ClCompile>
    <ClCompile Include="C:\Program Files (x86)\Arduino\libraries\SD\src\utility\SdVolume.cpp">
      <Filter>_libraries\SD\src\utility</Filter>
    </ClCompile>
    <ClCompile Include="C:\Users\Robbie\AppData\Local\arduino15\packages\arduino\hardware\avr\1.6.10\libraries\SPI\src\SPI.cpp">
      <Filter>_libraries\SPI\src</Filter>
    </ClCompile>
    <ClCompile Include="..\..\Arduino\libraries\TimeAlarms-master\TimeAlarms.cpp">
      <Filter>_libraries\TimeAlarms-master</Filter>
    </ClCompile>
    <ClCompile Include="..\..\Arduino\libraries\Time-master\DateStrings.cpp">
      <Filter>_libraries\Time-master</Filter>
    </ClCompile>
    <ClCompile Include="..\..\Arduino\libraries\Time-master\Time.cpp">
      <Filter>_libraries\Time-master</Filter>
    </ClCompile>
    <ClCompile Include="C:\Users\Robbie\AppData\Local\arduino15\packages\arduino\hardware\avr\1.6.10\libraries\Wire\src\Wire.cpp">
      <Filter>_libraries\Wire\src</Filter>
    </ClCompile>
    <ClCompile Include="C:\Users\Robbie\AppData\Local\arduino15\packages\arduino\hardware\avr\1.6.10\libraries\Wire\src\utility\twi.c">
      <Filter>_libraries\Wire\src\utility</Filter>
    </ClCompile>
    <ClCompile Include="C:\Users\Robbie\AppData\Local\arduino15\packages\arduino\hardware\avr\1.6.10\libraries\HID\src\HID.cpp">
      <Filter>_libraries\HID\src</Filter>
    </ClCompile>
    <ClCompile Include="..\..\Arduino\libraries\LiquidCrystal\src\LiquidCrystal.cpp">
      <Filter>_libraries\LiquidCrystal\src</Filter>
    </ClCompile>
  </ItemGroup>
</Project>