<?xml version="1.0" encoding="utf-8"?>
<Project ToolsVersion="4.0" xmlns="http://schemas.microsoft.com/developer/msbuild/2003">
  <ItemGroup>
    <Filter Include="Source Files">
      <UniqueIdentifier>{4FC737F1-C7A5-4376-A066-2A32D752A2FF}</UniqueIdentifier>
      <Extensions>cpp;c;cc;cxx;def;odl;idl;hpj;bat;asm;asmx</Extensions>
    </Filter>
    <Filter Include="Header Files">
      <UniqueIdentifier>{93995380-89BD-4b04-88EB-625FBE52EBFB}</UniqueIdentifier>
      <Extensions>h;hh;hpp;hxx;hm;inl;inc;xsd</Extensions>
    </Filter>
    <Filter Include="Resource Files">
      <UniqueIdentifier>{67DA6AB6-F800-4c08-8B7A-83BB121AAD01}</UniqueIdentifier>
      <Extensions>rc;ico;cur;bmp;dlg;rc2;rct;bin;rgs;gif;jpg;jpeg;jpe;resx;tiff;tif;png;wav;mfcribbon-ms</Extensions>
    </Filter>
    <Filter Include="src">
      <UniqueIdentifier>{63b1293f-d0ce-40f5-b0f9-20a50cd331db}</UniqueIdentifier>
    </Filter>
    <Filter Include="src\_micro-api-readonly">
      <UniqueIdentifier>{9b39b544-9901-4700-a5cf-c16579dddbeb}</UniqueIdentifier>
    </Filter>
    <Filter Include="src\_micro-api-readonly\core">
      <UniqueIdentifier>{f538ff99-4f35-48a7-8483-098c48ec9555}</UniqueIdentifier>
    </Filter>
    <Filter Include="src\_micro-api-readonly\core\avr">
      <UniqueIdentifier>{bae4956a-6522-4802-abeb-f804fde52f74}</UniqueIdentifier>
    </Filter>
    <Filter Include="src\_micro-api-readonly\core\USB">
      <UniqueIdentifier>{0250ad90-09ec-4a06-80a5-8ffb4e469d34}</UniqueIdentifier>
    </Filter>
    <Filter Include="src\_micro-api-readonly\libraries">
      <UniqueIdentifier>{e992ad89-60c8-4cba-b032-4fcb6f3a2df3}</UniqueIdentifier>
    </Filter>
  </ItemGroup>
  <ItemGroup>
    <ClInclude Include="__vm\.Cont.vsarduino.h">
      <Filter>Header Files</Filter>
    </ClInclude>
    <ClInclude Include="EEprom.h">
      <Filter>Header Files</Filter>
    </ClInclude>
    <ClInclude Include="MCPExpander.h">
      <Filter>Header Files</Filter>
    </ClInclude>
    <ClInclude Include="__vm\.Controller.vsarduino.h">
      <Filter>Header Files</Filter>
    </ClInclude>
    <ClInclude Include="TouchMenu.h">
      <Filter>Header Files</Filter>
    </ClInclude>
    <ClInclude Include="Controller.h">
      <Filter>Header Files</Filter>
    </ClInclude>
    <ClInclude Include="C:\Users\Robbie\AppData\Local\arduino15\packages\arduino\hardware\sam\1.6.11\cores\arduino\Arduino.h">
      <Filter>src\_micro-api-readonly\core</Filter>
    </ClInclude>
    <ClInclude Include="C:\Users\Robbie\AppData\Local\arduino15\packages\arduino\hardware\sam\1.6.11\cores\arduino\binary.h">
      <Filter>src\_micro-api-readonly\core</Filter>
    </ClInclude>
    <ClInclude Include="C:\Users\Robbie\AppData\Local\arduino15\packages\arduino\hardware\sam\1.6.11\cores\arduino\Client.h">
      <Filter>src\_micro-api-readonly\core</Filter>
    </ClInclude>
    <ClInclude Include="C:\Users\Robbie\AppData\Local\arduino15\packages\arduino\hardware\sam\1.6.11\cores\arduino\HardwareSerial.h">
      <Filter>src\_micro-api-readonly\core</Filter>
    </ClInclude>
    <ClInclude Include="C:\Users\Robbie\AppData\Local\arduino15\packages\arduino\hardware\sam\1.6.11\cores\arduino\IPAddress.h">
      <Filter>src\_micro-api-readonly\core</Filter>
    </ClInclude>
    <ClInclude Include="C:\Users\Robbie\AppData\Local\arduino15\packages\arduino\hardware\sam\1.6.11\cores\arduino\itoa.h">
      <Filter>src\_micro-api-readonly\core</Filter>
    </ClInclude>
    <ClInclude Include="C:\Users\Robbie\AppData\Local\arduino15\packages\arduino\hardware\sam\1.6.11\cores\arduino\Print.h">
      <Filter>src\_micro-api-readonly\core</Filter>
    </ClInclude>
    <ClInclude Include="C:\Users\Robbie\AppData\Local\arduino15\packages\arduino\hardware\sam\1.6.11\cores\arduino\Printable.h">
      <Filter>src\_micro-api-readonly\core</Filter>
    </ClInclude>
    <ClInclude Include="C:\Users\Robbie\AppData\Local\arduino15\packages\arduino\hardware\sam\1.6.11\cores\arduino\Reset.h">
      <Filter>src\_micro-api-readonly\core</Filter>
    </ClInclude>
    <ClInclude Include="C:\Users\Robbie\AppData\Local\arduino15\packages\arduino\hardware\sam\1.6.11\cores\arduino\RingBuffer.h">
      <Filter>src\_micro-api-readonly\core</Filter>
    </ClInclude>
    <ClInclude Include="C:\Users\Robbie\AppData\Local\arduino15\packages\arduino\hardware\sam\1.6.11\cores\arduino\Server.h">
      <Filter>src\_micro-api-readonly\core</Filter>
    </ClInclude>
    <ClInclude Include="C:\Users\Robbie\AppData\Local\arduino15\packages\arduino\hardware\sam\1.6.11\cores\arduino\Stream.h">
      <Filter>src\_micro-api-readonly\core</Filter>
    </ClInclude>
    <ClInclude Include="C:\Users\Robbie\AppData\Local\arduino15\packages\arduino\hardware\sam\1.6.11\cores\arduino\syscalls.h">
      <Filter>src\_micro-api-readonly\core</Filter>
    </ClInclude>
    <ClInclude Include="C:\Users\Robbie\AppData\Local\arduino15\packages\arduino\hardware\sam\1.6.11\cores\arduino\Tone.h">
      <Filter>src\_micro-api-readonly\core</Filter>
    </ClInclude>
    <ClInclude Include="C:\Users\Robbie\AppData\Local\arduino15\packages\arduino\hardware\sam\1.6.11\cores\arduino\UARTClass.h">
      <Filter>src\_micro-api-readonly\core</Filter>
    </ClInclude>
    <ClInclude Include="C:\Users\Robbie\AppData\Local\arduino15\packages\arduino\hardware\sam\1.6.11\cores\arduino\Udp.h">
      <Filter>src\_micro-api-readonly\core</Filter>
    </ClInclude>
    <ClInclude Include="C:\Users\Robbie\AppData\Local\arduino15\packages\arduino\hardware\sam\1.6.11\cores\arduino\USARTClass.h">
      <Filter>src\_micro-api-readonly\core</Filter>
    </ClInclude>
    <ClInclude Include="C:\Users\Robbie\AppData\Local\arduino15\packages\arduino\hardware\sam\1.6.11\cores\arduino\watchdog.h">
      <Filter>src\_micro-api-readonly\core</Filter>
    </ClInclude>
    <ClInclude Include="C:\Users\Robbie\AppData\Local\arduino15\packages\arduino\hardware\sam\1.6.11\cores\arduino\WCharacter.h">
      <Filter>src\_micro-api-readonly\core</Filter>
    </ClInclude>
    <ClInclude Include="C:\Users\Robbie\AppData\Local\arduino15\packages\arduino\hardware\sam\1.6.11\cores\arduino\WInterrupts.h">
      <Filter>src\_micro-api-readonly\core</Filter>
    </ClInclude>
    <ClInclude Include="C:\Users\Robbie\AppData\Local\arduino15\packages\arduino\hardware\sam\1.6.11\cores\arduino\wiring.h">
      <Filter>src\_micro-api-readonly\core</Filter>
    </ClInclude>
    <ClInclude Include="C:\Users\Robbie\AppData\Local\arduino15\packages\arduino\hardware\sam\1.6.11\cores\arduino\wiring_analog.h">
      <Filter>src\_micro-api-readonly\core</Filter>
    </ClInclude>
    <ClInclude Include="C:\Users\Robbie\AppData\Local\arduino15\packages\arduino\hardware\sam\1.6.11\cores\arduino\wiring_constants.h">
      <Filter>src\_micro-api-readonly\core</Filter>
    </ClInclude>
    <ClInclude Include="C:\Users\Robbie\AppData\Local\arduino15\packages\arduino\hardware\sam\1.6.11\cores\arduino\wiring_digital.h">
      <Filter>src\_micro-api-readonly\core</Filter>
    </ClInclude>
    <ClInclude Include="C:\Users\Robbie\AppData\Local\arduino15\packages\arduino\hardware\sam\1.6.11\cores\arduino\wiring_private.h">
      <Filter>src\_micro-api-readonly\core</Filter>
    </ClInclude>
    <ClInclude Include="C:\Users\Robbie\AppData\Local\arduino15\packages\arduino\hardware\sam\1.6.11\cores\arduino\wiring_pulse.h">
      <Filter>src\_micro-api-readonly\core</Filter>
    </ClInclude>
    <ClInclude Include="C:\Users\Robbie\AppData\Local\arduino15\packages\arduino\hardware\sam\1.6.11\cores\arduino\wiring_shift.h">
      <Filter>src\_micro-api-readonly\core</Filter>
    </ClInclude>
    <ClInclude Include="C:\Users\Robbie\AppData\Local\arduino15\packages\arduino\hardware\sam\1.6.11\cores\arduino\WMath.h">
      <Filter>src\_micro-api-readonly\core</Filter>
    </ClInclude>
    <ClInclude Include="C:\Users\Robbie\AppData\Local\arduino15\packages\arduino\hardware\sam\1.6.11\cores\arduino\WString.h">
      <Filter>src\_micro-api-readonly\core</Filter>
    </ClInclude>
    <ClInclude Include="C:\Users\Robbie\AppData\Local\arduino15\packages\arduino\hardware\sam\1.6.11\cores\arduino\avr\dtostrf.h">
      <Filter>src\_micro-api-readonly\core\avr</Filter>
    </ClInclude>
    <ClInclude Include="C:\Users\Robbie\AppData\Local\arduino15\packages\arduino\hardware\sam\1.6.11\cores\arduino\avr\interrupt.h">
      <Filter>src\_micro-api-readonly\core\avr</Filter>
    </ClInclude>
    <ClInclude Include="C:\Users\Robbie\AppData\Local\arduino15\packages\arduino\hardware\sam\1.6.11\cores\arduino\avr\pgmspace.h">
      <Filter>src\_micro-api-readonly\core\avr</Filter>
    </ClInclude>
    <ClInclude Include="C:\Users\Robbie\AppData\Local\arduino15\packages\arduino\hardware\sam\1.6.11\cores\arduino\USB\PluggableUSB.h">
      <Filter>src\_micro-api-readonly\core\USB</Filter>
    </ClInclude>
    <ClInclude Include="C:\Users\Robbie\AppData\Local\arduino15\packages\arduino\hardware\sam\1.6.11\cores\arduino\USB\USBAPI.h">
      <Filter>src\_micro-api-readonly\core\USB</Filter>
    </ClInclude>
    <ClInclude Include="C:\Users\Robbie\AppData\Local\arduino15\packages\arduino\hardware\sam\1.6.11\cores\arduino\USB\USBCore.h">
      <Filter>src\_micro-api-readonly\core\USB</Filter>
    </ClInclude>
    <ClInclude Include="C:\Users\Robbie\AppData\Local\arduino15\packages\arduino\hardware\sam\1.6.11\cores\arduino\USB\USBDesc.h">
      <Filter>src\_micro-api-readonly\core\USB</Filter>
    </ClInclude>
    <ClInclude Include="C:\Users\Robbie\AppData\Local\arduino15\packages\arduino\hardware\sam\1.6.11\variants\arduino_due_x\pins_arduino.h">
      <Filter>src\_micro-api-readonly\core</Filter>
    </ClInclude>
    <ClInclude Include="C:\Users\Robbie\AppData\Local\arduino15\packages\arduino\hardware\sam\1.6.11\variants\arduino_due_x\variant.h">
      <Filter>src\_micro-api-readonly\core</Filter>
    </ClInclude>
  </ItemGroup>
  <ItemGroup>
    <None Include="Controller.ino" />
    <None Include="C:\Users\Robbie\AppData\Local\arduino15\packages\arduino\hardware\sam\1.6.11\cores\arduino\wiring_pulse_asm.S">
      <Filter>src\_micro-api-readonly\core</Filter>
    </None>
  </ItemGroup>
  <ItemGroup>
    <ClCompile Include="EEprom.cpp">
      <Filter>Resource Files</Filter>
    </ClCompile>
    <ClCompile Include="MCPExpander.cpp">
      <Filter>Resource Files</Filter>
    </ClCompile>
    <ClCompile Include="GroteskBold24x48.c">
      <Filter>Source Files</Filter>
    </ClCompile>
    <ClCompile Include="GroteskBold16x32.c">
      <Filter>Source Files</Filter>
    </ClCompile>
    <ClCompile Include="TouchMenu.cpp">
      <Filter>Resource Files</Filter>
    </ClCompile>
    <ClCompile Include="Retro8x16.c">
      <Filter>Source Files</Filter>
    </ClCompile>
    <ClCompile Include="icons.c">
      <Filter>Source Files</Filter>
    </ClCompile>
    <ClCompile Include="C:\Users\Robbie\AppData\Local\arduino15\packages\arduino\hardware\sam\1.6.11\cores\arduino\abi.cpp">
      <Filter>src\_micro-api-readonly\core</Filter>
    </ClCompile>
    <ClCompile Include="C:\Users\Robbie\AppData\Local\arduino15\packages\arduino\hardware\sam\1.6.11\cores\arduino\IPAddress.cpp">
      <Filter>src\_micro-api-readonly\core</Filter>
    </ClCompile>
    <ClCompile Include="C:\Users\Robbie\AppData\Local\arduino15\packages\arduino\hardware\sam\1.6.11\cores\arduino\main.cpp">
      <Filter>src\_micro-api-readonly\core</Filter>
    </ClCompile>
    <ClCompile Include="C:\Users\Robbie\AppData\Local\arduino15\packages\arduino\hardware\sam\1.6.11\cores\arduino\new.cpp">
      <Filter>src\_micro-api-readonly\core</Filter>
    </ClCompile>
    <ClCompile Include="C:\Users\Robbie\AppData\Local\arduino15\packages\arduino\hardware\sam\1.6.11\cores\arduino\Print.cpp">
      <Filter>src\_micro-api-readonly\core</Filter>
    </ClCompile>
    <ClCompile Include="C:\Users\Robbie\AppData\Local\arduino15\packages\arduino\hardware\sam\1.6.11\cores\arduino\Reset.cpp">
      <Filter>src\_micro-api-readonly\core</Filter>
    </ClCompile>
    <ClCompile Include="C:\Users\Robbie\AppData\Local\arduino15\packages\arduino\hardware\sam\1.6.11\cores\arduino\RingBuffer.cpp">
      <Filter>src\_micro-api-readonly\core</Filter>
    </ClCompile>
    <ClCompile Include="C:\Users\Robbie\AppData\Local\arduino15\packages\arduino\hardware\sam\1.6.11\cores\arduino\Stream.cpp">
      <Filter>src\_micro-api-readonly\core</Filter>
    </ClCompile>
    <ClCompile Include="C:\Users\Robbie\AppData\Local\arduino15\packages\arduino\hardware\sam\1.6.11\cores\arduino\UARTClass.cpp">
      <Filter>src\_micro-api-readonly\core</Filter>
    </ClCompile>
    <ClCompile Include="C:\Users\Robbie\AppData\Local\arduino15\packages\arduino\hardware\sam\1.6.11\cores\arduino\USARTClass.cpp">
      <Filter>src\_micro-api-readonly\core</Filter>
    </ClCompile>
    <ClCompile Include="C:\Users\Robbie\AppData\Local\arduino15\packages\arduino\hardware\sam\1.6.11\cores\arduino\watchdog.cpp">
      <Filter>src\_micro-api-readonly\core</Filter>
    </ClCompile>
    <ClCompile Include="C:\Users\Robbie\AppData\Local\arduino15\packages\arduino\hardware\sam\1.6.11\cores\arduino\wiring_pulse.cpp">
      <Filter>src\_micro-api-readonly\core</Filter>
    </ClCompile>
    <ClCompile Include="C:\Users\Robbie\AppData\Local\arduino15\packages\arduino\hardware\sam\1.6.11\cores\arduino\WMath.cpp">
      <Filter>src\_micro-api-readonly\core</Filter>
    </ClCompile>
    <ClCompile Include="C:\Users\Robbie\AppData\Local\arduino15\packages\arduino\hardware\sam\1.6.11\cores\arduino\WString.cpp">
      <Filter>src\_micro-api-readonly\core</Filter>
    </ClCompile>
    <ClCompile Include="C:\Users\Robbie\AppData\Local\arduino15\packages\arduino\hardware\sam\1.6.11\cores\arduino\USB\CDC.cpp">
      <Filter>src\_micro-api-readonly\core\USB</Filter>
    </ClCompile>
    <ClCompile Include="C:\Users\Robbie\AppData\Local\arduino15\packages\arduino\hardware\sam\1.6.11\cores\arduino\USB\PluggableUSB.cpp">
      <Filter>src\_micro-api-readonly\core\USB</Filter>
    </ClCompile>
    <ClCompile Include="C:\Users\Robbie\AppData\Local\arduino15\packages\arduino\hardware\sam\1.6.11\cores\arduino\USB\USBCore.cpp">
      <Filter>src\_micro-api-readonly\core\USB</Filter>
    </ClCompile>
    <ClCompile Include="C:\Users\Robbie\AppData\Local\arduino15\packages\arduino\hardware\sam\1.6.11\variants\arduino_due_x\variant.cpp">
      <Filter>src\_micro-api-readonly\core</Filter>
    </ClCompile>
  </ItemGroup>
</Project>